{
  "lockfile_version": "1",
  "packages": {
    "azure-cli@latest": {
      "last_modified": "2023-07-30T12:29:02Z",
      "resolved": "github:NixOS/nixpkgs/3acb5c4264c490e7714d503c7166a3fde0c51324#azure-cli",
      "source": "devbox-search",
      "version": "2.50.0"
    },
    "nodePackages.pyright@latest": {
      "last_modified": "2023-08-08T03:07:33Z",
      "resolved": "github:NixOS/nixpkgs/844ffa82bbe2a2779c86ab3a72ff1b4176cec467#nodePackages.pyright",
      "source": "devbox-search",
      "version": "1.1.319"
    },
    "pdm@latest": {
      "last_modified": "2023-07-30T12:29:02Z",
      "resolved": "github:NixOS/nixpkgs/3acb5c4264c490e7714d503c7166a3fde0c51324#pdm",
      "source": "devbox-search",
      "version": "2.8.0"
    },
    "pulumi-bin@latest": {
      "last_modified": "2023-07-30T12:29:02Z",
      "resolved": "github:NixOS/nixpkgs/3acb5c4264c490e7714d503c7166a3fde0c51324#pulumi-bin",
      "source": "devbox-search",
      "version": "3.76.0"
    },
    "python@3.11.4": {
      "last_modified": "2023-08-08T03:07:33Z",
      "plugin_version": "0.0.1",
      "resolved": "github:NixOS/nixpkgs/844ffa82bbe2a2779c86ab3a72ff1b4176cec467#python311",
      "source": "devbox-search",
      "version": "3.11.4"
    },
    "scaleway-cli@latest": {
      "last_modified": "2023-08-08T03:07:33Z",
      "resolved": "github:NixOS/nixpkgs/844ffa82bbe2a2779c86ab3a72ff1b4176cec467#scaleway-cli",
      "source": "devbox-search",
      "version": "2.19.0"
    }
  }
}
