{
  "nodes": {
    "flake-utils": {
      "locked": {
        "lastModified": 1642700792,
        "narHash": "sha256-XqHrk7hFb+zBvRg6Ghl+AZDq03ov6OshJLiSWOoX5es=",
        "owner": "numtide",
        "repo": "flake-utils",
        "rev": "846b2ae0fc4cc943637d3d1def4454213e203cba",
        "type": "github"
      },
      "original": {
        "owner": "numtide",
        "repo": "flake-utils",
        "type": "github"
      }
    },
    "flake-utils_2": {
      "locked": {
        "lastModified": 1610051610,
        "narHash": "sha256-U9rPz/usA1/Aohhk7Cmc2gBrEEKRzcW4nwPWMPwja4Y=",
        "owner": "numtide",
        "repo": "flake-utils",
        "rev": "3982c9903e93927c2164caa727cd3f6a0e6d14cc",
        "type": "github"
      },
      "original": {
        "owner": "numtide",
        "repo": "flake-utils",
        "type": "github"
      }
    },
    "nixpkgs": {
      "locked": {
        "lastModified": 1643213839,
        "narHash": "sha256-vv1Q1clokdXWlHKnoEHBtLlnJiLXBCjo/XkV8RCtchA=",
        "owner": "NixOS",
        "repo": "nixpkgs",
        "rev": "89de95e632542e5298367ef39fc5fa32c8b4e532",
        "type": "github"
      },
      "original": {
        "owner": "NixOS",
        "repo": "nixpkgs",
        "type": "github"
      }
    },
    "nixpkgs_2": {
      "locked": {
        "lastModified": 1610729867,
        "narHash": "sha256-bk/SBaBLqZX/PEqal27DMQwAHHl0dcZMp8NNksQr80s=",
        "owner": "NixOS",
        "repo": "nixpkgs",
        "rev": "04af07c659c6723a2259bb6bc00a47ec53330f20",
        "type": "github"
      },
      "original": {
        "owner": "NixOS",
        "repo": "nixpkgs",
        "type": "github"
      }
    },
    "poetry2nix": {
      "inputs": {
        "flake-utils": "flake-utils_2",
        "nixpkgs": "nixpkgs_2"
      },
      "locked": {
        "lastModified": 1643154595,
        "narHash": "sha256-DUxhAcgqa4ujk3oeyGumBuX1qZd1QvYmpT5Hf26dyb8=",
        "owner": "nix-community",
        "repo": "poetry2nix",
        "rev": "a92bd7f9290ca602aecc2df79d67537d6d25e2e8",
        "type": "github"
      },
      "original": {
        "owner": "nix-community",
        "repo": "poetry2nix",
        "type": "github"
      }
    },
    "root": {
      "inputs": {
        "flake-utils": "flake-utils",
        "nixpkgs": "nixpkgs",
        "poetry2nix": "poetry2nix"
      }
    }
  },
  "root": "root",
  "version": 7
}
